// !$*UTF8*$!
{
	archiveVersion = 1;
	classes = {
	};
	objectVersion = 60;
	objects = {

/* Begin PBXBuildFile section */
		840CB3A92C9B276C009FA315 /* FollowerView.swift in Sources */ = {isa = PBXBuildFile; fileRef = 840CB3A82C9B276C009FA315 /* FollowerView.swift */; };
		849B4E432C8AF05D00938B1F /* GFTitleLable.swift in Sources */ = {isa = PBXBuildFile; fileRef = 849B4E422C8AF05D00938B1F /* GFTitleLable.swift */; };
		849B4E452C8AF24500938B1F /* GFBodyLable.swift in Sources */ = {isa = PBXBuildFile; fileRef = 849B4E442C8AF24500938B1F /* GFBodyLable.swift */; };
		849B4E472C8AF34B00938B1F /* GFAlertVC.swift in Sources */ = {isa = PBXBuildFile; fileRef = 849B4E462C8AF34B00938B1F /* GFAlertVC.swift */; };
		849B4E492C8B021100938B1F /* UIViiewController + Ext.swift in Sources */ = {isa = PBXBuildFile; fileRef = 849B4E482C8B021100938B1F /* UIViiewController + Ext.swift */; };
		849B4E4F2C8C64F300938B1F /* GFAlertContainerView.swift in Sources */ = {isa = PBXBuildFile; fileRef = 849B4E4E2C8C64F300938B1F /* GFAlertContainerView.swift */; };
		849B4E522C8C78AE00938B1F /* Follower.swift in Sources */ = {isa = PBXBuildFile; fileRef = 849B4E512C8C78AE00938B1F /* Follower.swift */; };
		849B4E542C8C7DC100938B1F /* User.swift in Sources */ = {isa = PBXBuildFile; fileRef = 849B4E532C8C7DC100938B1F /* User.swift */; };
		849B4E572C8CA3C900938B1F /* NetworkManager.swift in Sources */ = {isa = PBXBuildFile; fileRef = 849B4E562C8CA3C900938B1F /* NetworkManager.swift */; };
		849B4E5D2C8EEF0600938B1F /* FollowerCell.swift in Sources */ = {isa = PBXBuildFile; fileRef = 849B4E5C2C8EEF0600938B1F /* FollowerCell.swift */; };
		849B4E5F2C8EF86700938B1F /* GFAvatarImageView.swift in Sources */ = {isa = PBXBuildFile; fileRef = 849B4E5E2C8EF86600938B1F /* GFAvatarImageView.swift */; };
		849B4E612C90768A00938B1F /* UIHelper.swift in Sources */ = {isa = PBXBuildFile; fileRef = 849B4E602C90768A00938B1F /* UIHelper.swift */; };
		849B4E692C93286A00938B1F /* GFEmptyStateView.swift in Sources */ = {isa = PBXBuildFile; fileRef = 849B4E682C93286A00938B1F /* GFEmptyStateView.swift */; };
		849B4E6B2C942B5500938B1F /* UserInfoVC.swift in Sources */ = {isa = PBXBuildFile; fileRef = 849B4E6A2C942B5500938B1F /* UserInfoVC.swift */; };
		849B4E6D2C94405200938B1F /* GFError.swift in Sources */ = {isa = PBXBuildFile; fileRef = 849B4E6C2C94405200938B1F /* GFError.swift */; };
		849B4E6F2C9448C200938B1F /* GFUserInfoHeaderVC.swift in Sources */ = {isa = PBXBuildFile; fileRef = 849B4E6E2C9448C200938B1F /* GFUserInfoHeaderVC.swift */; };
		849B4E712C94494100938B1F /* GFSecondaryTitleLable.swift in Sources */ = {isa = PBXBuildFile; fileRef = 849B4E702C94494100938B1F /* GFSecondaryTitleLable.swift */; };
		849B4E732C9452D600938B1F /* Constants.swift in Sources */ = {isa = PBXBuildFile; fileRef = 849B4E722C9452D600938B1F /* Constants.swift */; };
		849B4E752C9476A000938B1F /* GFItemInfoView.swift in Sources */ = {isa = PBXBuildFile; fileRef = 849B4E742C9476A000938B1F /* GFItemInfoView.swift */; };
		849B4E772C94839A00938B1F /* GFItemInfoVC.swift in Sources */ = {isa = PBXBuildFile; fileRef = 849B4E762C94839A00938B1F /* GFItemInfoVC.swift */; };
		849B4E792C94877100938B1F /* GFRepoItemVC.swift in Sources */ = {isa = PBXBuildFile; fileRef = 849B4E782C94877100938B1F /* GFRepoItemVC.swift */; };
		849B4E7B2C948A9500938B1F /* GFFollowerItemVC.swift in Sources */ = {isa = PBXBuildFile; fileRef = 849B4E7A2C948A9500938B1F /* GFFollowerItemVC.swift */; };
		849B4E7E2C9490C700938B1F /* Date+Ext.swift in Sources */ = {isa = PBXBuildFile; fileRef = 849B4E7D2C9490C700938B1F /* Date+Ext.swift */; };
		849B4E822C96C6B600938B1F /* PersistenceManager.swift in Sources */ = {isa = PBXBuildFile; fileRef = 849B4E812C96C6B600938B1F /* PersistenceManager.swift */; };
		849B4E842C973CA900938B1F /* FavoriteCell.swift in Sources */ = {isa = PBXBuildFile; fileRef = 849B4E832C973CA900938B1F /* FavoriteCell.swift */; };
		849B4E872C976CA100938B1F /* GFTabBarController.swift in Sources */ = {isa = PBXBuildFile; fileRef = 849B4E862C976CA100938B1F /* GFTabBarController.swift */; };
		849B4E892C98394500938B1F /* GFDataLoadingVC.swift in Sources */ = {isa = PBXBuildFile; fileRef = 849B4E882C98394500938B1F /* GFDataLoadingVC.swift */; };
		849B4E8B2C986D4500938B1F /* UIView+Ext.swift in Sources */ = {isa = PBXBuildFile; fileRef = 849B4E8A2C986D4500938B1F /* UIView+Ext.swift */; };
		849B4E8D2C98805100938B1F /* UITableView+Ext.swift in Sources */ = {isa = PBXBuildFile; fileRef = 849B4E8C2C98805100938B1F /* UITableView+Ext.swift */; };
		84C58B5D2C8329BD0047B84E /* AppDelegate.swift in Sources */ = {isa = PBXBuildFile; fileRef = 84C58B5C2C8329BD0047B84E /* AppDelegate.swift */; };
		84C58B5F2C8329BD0047B84E /* SceneDelegate.swift in Sources */ = {isa = PBXBuildFile; fileRef = 84C58B5E2C8329BD0047B84E /* SceneDelegate.swift */; };
		84C58B662C8329BE0047B84E /* Assets.xcassets in Resources */ = {isa = PBXBuildFile; fileRef = 84C58B652C8329BE0047B84E /* Assets.xcassets */; };
		84C58B692C8329BE0047B84E /* Base in Resources */ = {isa = PBXBuildFile; fileRef = 84C58B682C8329BE0047B84E /* Base */; };
		84C58B712C83578C0047B84E /* SearchVC.swift in Sources */ = {isa = PBXBuildFile; fileRef = 84C58B702C83578C0047B84E /* SearchVC.swift */; };
		84C58B732C8357FE0047B84E /* FavoritesListVC.swift in Sources */ = {isa = PBXBuildFile; fileRef = 84C58B722C8357FE0047B84E /* FavoritesListVC.swift */; };
		84C58B752C85A9AA0047B84E /* GFButton.swift in Sources */ = {isa = PBXBuildFile; fileRef = 84C58B742C85A9AA0047B84E /* GFButton.swift */; };
		84C58B772C85B01C0047B84E /* GFTextField.swift in Sources */ = {isa = PBXBuildFile; fileRef = 84C58B762C85B01C0047B84E /* GFTextField.swift */; };
		84C58B792C85DABF0047B84E /* FollowerListVC.swift in Sources */ = {isa = PBXBuildFile; fileRef = 84C58B782C85DABF0047B84E /* FollowerListVC.swift */; };
/* End PBXBuildFile section */

/* Begin PBXFileReference section */
		840CB3A82C9B276C009FA315 /* FollowerView.swift */ = {isa = PBXFileReference; lastKnownFileType = sourcecode.swift; path = FollowerView.swift; sourceTree = "<group>"; };
		849B4E422C8AF05D00938B1F /* GFTitleLable.swift */ = {isa = PBXFileReference; lastKnownFileType = sourcecode.swift; path = GFTitleLable.swift; sourceTree = "<group>"; };
		849B4E442C8AF24500938B1F /* GFBodyLable.swift */ = {isa = PBXFileReference; lastKnownFileType = sourcecode.swift; path = GFBodyLable.swift; sourceTree = "<group>"; };
		849B4E462C8AF34B00938B1F /* GFAlertVC.swift */ = {isa = PBXFileReference; lastKnownFileType = sourcecode.swift; path = GFAlertVC.swift; sourceTree = "<group>"; };
		849B4E482C8B021100938B1F /* UIViiewController + Ext.swift */ = {isa = PBXFileReference; lastKnownFileType = sourcecode.swift; path = "UIViiewController + Ext.swift"; sourceTree = "<group>"; };
		849B4E4E2C8C64F300938B1F /* GFAlertContainerView.swift */ = {isa = PBXFileReference; lastKnownFileType = sourcecode.swift; path = GFAlertContainerView.swift; sourceTree = "<group>"; };
		849B4E512C8C78AE00938B1F /* Follower.swift */ = {isa = PBXFileReference; lastKnownFileType = sourcecode.swift; path = Follower.swift; sourceTree = "<group>"; };
		849B4E532C8C7DC100938B1F /* User.swift */ = {isa = PBXFileReference; lastKnownFileType = sourcecode.swift; path = User.swift; sourceTree = "<group>"; };
		849B4E562C8CA3C900938B1F /* NetworkManager.swift */ = {isa = PBXFileReference; lastKnownFileType = sourcecode.swift; path = NetworkManager.swift; sourceTree = "<group>"; };
		849B4E5C2C8EEF0600938B1F /* FollowerCell.swift */ = {isa = PBXFileReference; lastKnownFileType = sourcecode.swift; path = FollowerCell.swift; sourceTree = "<group>"; };
		849B4E5E2C8EF86600938B1F /* GFAvatarImageView.swift */ = {isa = PBXFileReference; lastKnownFileType = sourcecode.swift; path = GFAvatarImageView.swift; sourceTree = "<group>"; };
		849B4E602C90768A00938B1F /* UIHelper.swift */ = {isa = PBXFileReference; lastKnownFileType = sourcecode.swift; path = UIHelper.swift; sourceTree = "<group>"; };
		849B4E682C93286A00938B1F /* GFEmptyStateView.swift */ = {isa = PBXFileReference; lastKnownFileType = sourcecode.swift; path = GFEmptyStateView.swift; sourceTree = "<group>"; };
		849B4E6A2C942B5500938B1F /* UserInfoVC.swift */ = {isa = PBXFileReference; lastKnownFileType = sourcecode.swift; path = UserInfoVC.swift; sourceTree = "<group>"; };
		849B4E6C2C94405200938B1F /* GFError.swift */ = {isa = PBXFileReference; lastKnownFileType = sourcecode.swift; path = GFError.swift; sourceTree = "<group>"; };
		849B4E6E2C9448C200938B1F /* GFUserInfoHeaderVC.swift */ = {isa = PBXFileReference; lastKnownFileType = sourcecode.swift; path = GFUserInfoHeaderVC.swift; sourceTree = "<group>"; };
		849B4E702C94494100938B1F /* GFSecondaryTitleLable.swift */ = {isa = PBXFileReference; lastKnownFileType = sourcecode.swift; path = GFSecondaryTitleLable.swift; sourceTree = "<group>"; };
		849B4E722C9452D600938B1F /* Constants.swift */ = {isa = PBXFileReference; lastKnownFileType = sourcecode.swift; path = Constants.swift; sourceTree = "<group>"; };
		849B4E742C9476A000938B1F /* GFItemInfoView.swift */ = {isa = PBXFileReference; lastKnownFileType = sourcecode.swift; path = GFItemInfoView.swift; sourceTree = "<group>"; };
		849B4E762C94839A00938B1F /* GFItemInfoVC.swift */ = {isa = PBXFileReference; lastKnownFileType = sourcecode.swift; path = GFItemInfoVC.swift; sourceTree = "<group>"; };
		849B4E782C94877100938B1F /* GFRepoItemVC.swift */ = {isa = PBXFileReference; lastKnownFileType = sourcecode.swift; path = GFRepoItemVC.swift; sourceTree = "<group>"; };
		849B4E7A2C948A9500938B1F /* GFFollowerItemVC.swift */ = {isa = PBXFileReference; lastKnownFileType = sourcecode.swift; path = GFFollowerItemVC.swift; sourceTree = "<group>"; };
		849B4E7D2C9490C700938B1F /* Date+Ext.swift */ = {isa = PBXFileReference; lastKnownFileType = sourcecode.swift; path = "Date+Ext.swift"; sourceTree = "<group>"; };
		849B4E812C96C6B600938B1F /* PersistenceManager.swift */ = {isa = PBXFileReference; lastKnownFileType = sourcecode.swift; path = PersistenceManager.swift; sourceTree = "<group>"; };
		849B4E832C973CA900938B1F /* FavoriteCell.swift */ = {isa = PBXFileReference; lastKnownFileType = sourcecode.swift; path = FavoriteCell.swift; sourceTree = "<group>"; };
		849B4E862C976CA100938B1F /* GFTabBarController.swift */ = {isa = PBXFileReference; lastKnownFileType = sourcecode.swift; path = GFTabBarController.swift; sourceTree = "<group>"; };
		849B4E882C98394500938B1F /* GFDataLoadingVC.swift */ = {isa = PBXFileReference; lastKnownFileType = sourcecode.swift; path = GFDataLoadingVC.swift; sourceTree = "<group>"; };
		849B4E8A2C986D4500938B1F /* UIView+Ext.swift */ = {isa = PBXFileReference; lastKnownFileType = sourcecode.swift; path = "UIView+Ext.swift"; sourceTree = "<group>"; };
		849B4E8C2C98805100938B1F /* UITableView+Ext.swift */ = {isa = PBXFileReference; lastKnownFileType = sourcecode.swift; path = "UITableView+Ext.swift"; sourceTree = "<group>"; };
		84C58B592C8329BD0047B84E /* GitHubFollowers.app */ = {isa = PBXFileReference; explicitFileType = wrapper.application; includeInIndex = 0; path = GitHubFollowers.app; sourceTree = BUILT_PRODUCTS_DIR; };
		84C58B5C2C8329BD0047B84E /* AppDelegate.swift */ = {isa = PBXFileReference; lastKnownFileType = sourcecode.swift; path = AppDelegate.swift; sourceTree = "<group>"; };
		84C58B5E2C8329BD0047B84E /* SceneDelegate.swift */ = {isa = PBXFileReference; lastKnownFileType = sourcecode.swift; path = SceneDelegate.swift; sourceTree = "<group>"; };
		84C58B652C8329BE0047B84E /* Assets.xcassets */ = {isa = PBXFileReference; lastKnownFileType = folder.assetcatalog; path = Assets.xcassets; sourceTree = "<group>"; };
		84C58B682C8329BE0047B84E /* Base */ = {isa = PBXFileReference; lastKnownFileType = file.storyboard; name = Base; path = Base.lproj/LaunchScreen.storyboard; sourceTree = "<group>"; };
		84C58B6A2C8329BE0047B84E /* Info.plist */ = {isa = PBXFileReference; lastKnownFileType = text.plist.xml; path = Info.plist; sourceTree = "<group>"; };
		84C58B702C83578C0047B84E /* SearchVC.swift */ = {isa = PBXFileReference; lastKnownFileType = sourcecode.swift; path = SearchVC.swift; sourceTree = "<group>"; };
		84C58B722C8357FE0047B84E /* FavoritesListVC.swift */ = {isa = PBXFileReference; lastKnownFileType = sourcecode.swift; path = FavoritesListVC.swift; sourceTree = "<group>"; };
		84C58B742C85A9AA0047B84E /* GFButton.swift */ = {isa = PBXFileReference; lastKnownFileType = sourcecode.swift; path = GFButton.swift; sourceTree = "<group>"; };
		84C58B762C85B01C0047B84E /* GFTextField.swift */ = {isa = PBXFileReference; lastKnownFileType = sourcecode.swift; path = GFTextField.swift; sourceTree = "<group>"; };
		84C58B782C85DABF0047B84E /* FollowerListVC.swift */ = {isa = PBXFileReference; lastKnownFileType = sourcecode.swift; path = FollowerListVC.swift; sourceTree = "<group>"; };
/* End PBXFileReference section */

/* Begin PBXFrameworksBuildPhase section */
		84C58B562C8329BD0047B84E /* Frameworks */ = {
			isa = PBXFrameworksBuildPhase;
			buildActionMask = 2147483647;
			files = (
			);
			runOnlyForDeploymentPostprocessing = 0;
		};
/* End PBXFrameworksBuildPhase section */

/* Begin PBXGroup section */
		840CB3A72C9B2738009FA315 /* FollowerCell */ = {
			isa = PBXGroup;
			children = (
				849B4E5C2C8EEF0600938B1F /* FollowerCell.swift */,
				840CB3A82C9B276C009FA315 /* FollowerView.swift */,
			);
			path = FollowerCell;
			sourceTree = "<group>";
		};
		849B4E4A2C8C607D00938B1F /* Screens */ = {
			isa = PBXGroup;
			children = (
				84C58B702C83578C0047B84E /* SearchVC.swift */,
				84C58B782C85DABF0047B84E /* FollowerListVC.swift */,
				84C58B722C8357FE0047B84E /* FavoritesListVC.swift */,
				849B4E6A2C942B5500938B1F /* UserInfoVC.swift */,
			);
			path = Screens;
			sourceTree = "<group>";
		};
		849B4E4B2C8C60D400938B1F /* Custom Views */ = {
			isa = PBXGroup;
			children = (
				849B4E852C976C6400938B1F /* TabBarControllers */,
				849B4E672C9327F300938B1F /* Lables */,
				849B4E662C9327A900938B1F /* ViewControllers */,
				849B4E652C93279000938B1F /* ImageViews */,
				849B4E642C93278000938B1F /* TextFields */,
				849B4E622C93275B00938B1F /* Buttons */,
				849B4E632C93276500938B1F /* Views */,
				849B4E5B2C8EEECF00938B1F /* Cells */,
			);
			path = "Custom Views";
			sourceTree = "<group>";
		};
		849B4E4C2C8C614D00938B1F /* Extensions */ = {
			isa = PBXGroup;
			children = (
				849B4E482C8B021100938B1F /* UIViiewController + Ext.swift */,
				849B4E7D2C9490C700938B1F /* Date+Ext.swift */,
				849B4E8A2C986D4500938B1F /* UIView+Ext.swift */,
				849B4E8C2C98805100938B1F /* UITableView+Ext.swift */,
			);
			path = Extensions;
			sourceTree = "<group>";
		};
		849B4E4D2C8C62A900938B1F /* Support */ = {
			isa = PBXGroup;
			children = (
				84C58B5C2C8329BD0047B84E /* AppDelegate.swift */,
				84C58B5E2C8329BD0047B84E /* SceneDelegate.swift */,
				84C58B652C8329BE0047B84E /* Assets.xcassets */,
				84C58B672C8329BE0047B84E /* LaunchScreen.storyboard */,
				84C58B6A2C8329BE0047B84E /* Info.plist */,
			);
			path = Support;
			sourceTree = "<group>";
		};
		849B4E502C8C789E00938B1F /* Model */ = {
			isa = PBXGroup;
			children = (
				849B4E512C8C78AE00938B1F /* Follower.swift */,
				849B4E532C8C7DC100938B1F /* User.swift */,
			);
			path = Model;
			sourceTree = "<group>";
		};
		849B4E552C8CA3A400938B1F /* Managers */ = {
			isa = PBXGroup;
			children = (
				849B4E562C8CA3C900938B1F /* NetworkManager.swift */,
				849B4E812C96C6B600938B1F /* PersistenceManager.swift */,
			);
			path = Managers;
			sourceTree = "<group>";
		};
		849B4E582C8DABEB00938B1F /* Utilities */ = {
			isa = PBXGroup;
			children = (
				849B4E602C90768A00938B1F /* UIHelper.swift */,
				849B4E6C2C94405200938B1F /* GFError.swift */,
				849B4E722C9452D600938B1F /* Constants.swift */,
			);
			path = Utilities;
			sourceTree = "<group>";
		};
		849B4E5B2C8EEECF00938B1F /* Cells */ = {
			isa = PBXGroup;
			children = (
				840CB3A72C9B2738009FA315 /* FollowerCell */,
				849B4E832C973CA900938B1F /* FavoriteCell.swift */,
			);
			path = Cells;
			sourceTree = "<group>";
		};
		849B4E622C93275B00938B1F /* Buttons */ = {
			isa = PBXGroup;
			children = (
				84C58B742C85A9AA0047B84E /* GFButton.swift */,
			);
			path = Buttons;
			sourceTree = "<group>";
		};
		849B4E632C93276500938B1F /* Views */ = {
			isa = PBXGroup;
			children = (
				849B4E682C93286A00938B1F /* GFEmptyStateView.swift */,
				849B4E742C9476A000938B1F /* GFItemInfoView.swift */,
				849B4E4E2C8C64F300938B1F /* GFAlertContainerView.swift */,
			);
			path = Views;
			sourceTree = "<group>";
		};
		849B4E642C93278000938B1F /* TextFields */ = {
			isa = PBXGroup;
			children = (
				84C58B762C85B01C0047B84E /* GFTextField.swift */,
			);
			path = TextFields;
			sourceTree = "<group>";
		};
		849B4E652C93279000938B1F /* ImageViews */ = {
			isa = PBXGroup;
			children = (
				849B4E5E2C8EF86600938B1F /* GFAvatarImageView.swift */,
			);
			path = ImageViews;
			sourceTree = "<group>";
		};
		849B4E662C9327A900938B1F /* ViewControllers */ = {
			isa = PBXGroup;
			children = (
				849B4E7C2C948B3500938B1F /* ItemInfoVCs */,
				849B4E462C8AF34B00938B1F /* GFAlertVC.swift */,
				849B4E6E2C9448C200938B1F /* GFUserInfoHeaderVC.swift */,
				849B4E882C98394500938B1F /* GFDataLoadingVC.swift */,
			);
			path = ViewControllers;
			sourceTree = "<group>";
		};
		849B4E672C9327F300938B1F /* Lables */ = {
			isa = PBXGroup;
			children = (
				849B4E422C8AF05D00938B1F /* GFTitleLable.swift */,
				849B4E442C8AF24500938B1F /* GFBodyLable.swift */,
				849B4E702C94494100938B1F /* GFSecondaryTitleLable.swift */,
			);
			path = Lables;
			sourceTree = "<group>";
		};
		849B4E7C2C948B3500938B1F /* ItemInfoVCs */ = {
			isa = PBXGroup;
			children = (
				849B4E762C94839A00938B1F /* GFItemInfoVC.swift */,
				849B4E782C94877100938B1F /* GFRepoItemVC.swift */,
				849B4E7A2C948A9500938B1F /* GFFollowerItemVC.swift */,
			);
			path = ItemInfoVCs;
			sourceTree = "<group>";
		};
		849B4E852C976C6400938B1F /* TabBarControllers */ = {
			isa = PBXGroup;
			children = (
				849B4E862C976CA100938B1F /* GFTabBarController.swift */,
			);
			path = TabBarControllers;
			sourceTree = "<group>";
		};
		84C58B502C8329BD0047B84E = {
			isa = PBXGroup;
			children = (
				84C58B5B2C8329BD0047B84E /* GitHubFollowers */,
				84C58B5A2C8329BD0047B84E /* Products */,
			);
			sourceTree = "<group>";
		};
		84C58B5A2C8329BD0047B84E /* Products */ = {
			isa = PBXGroup;
			children = (
				84C58B592C8329BD0047B84E /* GitHubFollowers.app */,
			);
			name = Products;
			sourceTree = "<group>";
		};
		84C58B5B2C8329BD0047B84E /* GitHubFollowers */ = {
			isa = PBXGroup;
			children = (
				849B4E582C8DABEB00938B1F /* Utilities */,
				849B4E552C8CA3A400938B1F /* Managers */,
				849B4E502C8C789E00938B1F /* Model */,
				849B4E4C2C8C614D00938B1F /* Extensions */,
				849B4E4B2C8C60D400938B1F /* Custom Views */,
				849B4E4A2C8C607D00938B1F /* Screens */,
				849B4E4D2C8C62A900938B1F /* Support */,
			);
			path = GitHubFollowers;
			sourceTree = "<group>";
		};
/* End PBXGroup section */

/* Begin PBXNativeTarget section */
		84C58B582C8329BD0047B84E /* GitHubFollowers */ = {
			isa = PBXNativeTarget;
			buildConfigurationList = 84C58B6D2C8329BE0047B84E /* Build configuration list for PBXNativeTarget "GitHubFollowers" */;
			buildPhases = (
				84C58B552C8329BD0047B84E /* Sources */,
				84C58B562C8329BD0047B84E /* Frameworks */,
				84C58B572C8329BD0047B84E /* Resources */,
			);
			buildRules = (
			);
			dependencies = (
			);
			name = GitHubFollowers;
			productName = GitHubFollowers;
			productReference = 84C58B592C8329BD0047B84E /* GitHubFollowers.app */;
			productType = "com.apple.product-type.application";
		};
/* End PBXNativeTarget section */

/* Begin PBXProject section */
		84C58B512C8329BD0047B84E /* Project object */ = {
			isa = PBXProject;
			attributes = {
				BuildIndependentTargetsInParallel = 1;
				LastSwiftUpdateCheck = 1600;
				LastUpgradeCheck = 1600;
				TargetAttributes = {
					84C58B582C8329BD0047B84E = {
						CreatedOnToolsVersion = 16.0;
					};
				};
			};
			buildConfigurationList = 84C58B542C8329BD0047B84E /* Build configuration list for PBXProject "GitHubFollowers" */;
			compatibilityVersion = "Xcode 15.0";
			developmentRegion = en;
			hasScannedForEncodings = 0;
			knownRegions = (
				en,
				Base,
			);
			mainGroup = 84C58B502C8329BD0047B84E;
			productRefGroup = 84C58B5A2C8329BD0047B84E /* Products */;
			projectDirPath = "";
			projectRoot = "";
			targets = (
				84C58B582C8329BD0047B84E /* GitHubFollowers */,
			);
		};
/* End PBXProject section */

/* Begin PBXResourcesBuildPhase section */
		84C58B572C8329BD0047B84E /* Resources */ = {
			isa = PBXResourcesBuildPhase;
			buildActionMask = 2147483647;
			files = (
				84C58B662C8329BE0047B84E /* Assets.xcassets in Resources */,
				84C58B692C8329BE0047B84E /* Base in Resources */,
			);
			runOnlyForDeploymentPostprocessing = 0;
		};
/* End PBXResourcesBuildPhase section */

/* Begin PBXSourcesBuildPhase section */
		84C58B552C8329BD0047B84E /* Sources */ = {
			isa = PBXSourcesBuildPhase;
			buildActionMask = 2147483647;
			files = (
				849B4E8B2C986D4500938B1F /* UIView+Ext.swift in Sources */,
				84C58B772C85B01C0047B84E /* GFTextField.swift in Sources */,
				849B4E452C8AF24500938B1F /* GFBodyLable.swift in Sources */,
				84C58B732C8357FE0047B84E /* FavoritesListVC.swift in Sources */,
				849B4E6F2C9448C200938B1F /* GFUserInfoHeaderVC.swift in Sources */,
				849B4E4F2C8C64F300938B1F /* GFAlertContainerView.swift in Sources */,
				849B4E492C8B021100938B1F /* UIViiewController + Ext.swift in Sources */,
				849B4E692C93286A00938B1F /* GFEmptyStateView.swift in Sources */,
				84C58B752C85A9AA0047B84E /* GFButton.swift in Sources */,
				849B4E712C94494100938B1F /* GFSecondaryTitleLable.swift in Sources */,
				849B4E542C8C7DC100938B1F /* User.swift in Sources */,
				849B4E6D2C94405200938B1F /* GFError.swift in Sources */,
				849B4E5D2C8EEF0600938B1F /* FollowerCell.swift in Sources */,
				849B4E822C96C6B600938B1F /* PersistenceManager.swift in Sources */,
				849B4E842C973CA900938B1F /* FavoriteCell.swift in Sources */,
				849B4E792C94877100938B1F /* GFRepoItemVC.swift in Sources */,
				849B4E5F2C8EF86700938B1F /* GFAvatarImageView.swift in Sources */,
				849B4E472C8AF34B00938B1F /* GFAlertVC.swift in Sources */,
				849B4E6B2C942B5500938B1F /* UserInfoVC.swift in Sources */,
				849B4E522C8C78AE00938B1F /* Follower.swift in Sources */,
				849B4E892C98394500938B1F /* GFDataLoadingVC.swift in Sources */,
				84C58B712C83578C0047B84E /* SearchVC.swift in Sources */,
				849B4E432C8AF05D00938B1F /* GFTitleLable.swift in Sources */,
				849B4E772C94839A00938B1F /* GFItemInfoVC.swift in Sources */,
				849B4E7B2C948A9500938B1F /* GFFollowerItemVC.swift in Sources */,
				84C58B792C85DABF0047B84E /* FollowerListVC.swift in Sources */,
				849B4E612C90768A00938B1F /* UIHelper.swift in Sources */,
				849B4E7E2C9490C700938B1F /* Date+Ext.swift in Sources */,
				849B4E572C8CA3C900938B1F /* NetworkManager.swift in Sources */,
				84C58B5D2C8329BD0047B84E /* AppDelegate.swift in Sources */,
				840CB3A92C9B276C009FA315 /* FollowerView.swift in Sources */,
				849B4E752C9476A000938B1F /* GFItemInfoView.swift in Sources */,
				84C58B5F2C8329BD0047B84E /* SceneDelegate.swift in Sources */,
				849B4E8D2C98805100938B1F /* UITableView+Ext.swift in Sources */,
				849B4E732C9452D600938B1F /* Constants.swift in Sources */,
				849B4E872C976CA100938B1F /* GFTabBarController.swift in Sources */,
			);
			runOnlyForDeploymentPostprocessing = 0;
		};
/* End PBXSourcesBuildPhase section */

/* Begin PBXVariantGroup section */
		84C58B672C8329BE0047B84E /* LaunchScreen.storyboard */ = {
			isa = PBXVariantGroup;
			children = (
				84C58B682C8329BE0047B84E /* Base */,
			);
			name = LaunchScreen.storyboard;
			sourceTree = "<group>";
		};
/* End PBXVariantGroup section */

/* Begin XCBuildConfiguration section */
		84C58B6B2C8329BE0047B84E /* Debug */ = {
			isa = XCBuildConfiguration;
			buildSettings = {
				ALWAYS_SEARCH_USER_PATHS = NO;
				ASSETCATALOG_COMPILER_GENERATE_SWIFT_ASSET_SYMBOL_EXTENSIONS = YES;
				CLANG_ANALYZER_NONNULL = YES;
				CLANG_ANALYZER_NUMBER_OBJECT_CONVERSION = YES_AGGRESSIVE;
				CLANG_CXX_LANGUAGE_STANDARD = "gnu++20";
				CLANG_ENABLE_MODULES = YES;
				CLANG_ENABLE_OBJC_ARC = YES;
				CLANG_ENABLE_OBJC_WEAK = YES;
				CLANG_WARN_BLOCK_CAPTURE_AUTORELEASING = YES;
				CLANG_WARN_BOOL_CONVERSION = YES;
				CLANG_WARN_COMMA = YES;
				CLANG_WARN_CONSTANT_CONVERSION = YES;
				CLANG_WARN_DEPRECATED_OBJC_IMPLEMENTATIONS = YES;
				CLANG_WARN_DIRECT_OBJC_ISA_USAGE = YES_ERROR;
				CLANG_WARN_DOCUMENTATION_COMMENTS = YES;
				CLANG_WARN_EMPTY_BODY = YES;
				CLANG_WARN_ENUM_CONVERSION = YES;
				CLANG_WARN_INFINITE_RECURSION = YES;
				CLANG_WARN_INT_CONVERSION = YES;
				CLANG_WARN_NON_LITERAL_NULL_CONVERSION = YES;
				CLANG_WARN_OBJC_IMPLICIT_RETAIN_SELF = YES;
				CLANG_WARN_OBJC_LITERAL_CONVERSION = YES;
				CLANG_WARN_OBJC_ROOT_CLASS = YES_ERROR;
				CLANG_WARN_QUOTED_INCLUDE_IN_FRAMEWORK_HEADER = YES;
				CLANG_WARN_RANGE_LOOP_ANALYSIS = YES;
				CLANG_WARN_STRICT_PROTOTYPES = YES;
				CLANG_WARN_SUSPICIOUS_MOVE = YES;
				CLANG_WARN_UNGUARDED_AVAILABILITY = YES_AGGRESSIVE;
				CLANG_WARN_UNREACHABLE_CODE = YES;
				CLANG_WARN__DUPLICATE_METHOD_MATCH = YES;
				COPY_PHASE_STRIP = NO;
				DEBUG_INFORMATION_FORMAT = dwarf;
				ENABLE_STRICT_OBJC_MSGSEND = YES;
				ENABLE_TESTABILITY = YES;
				ENABLE_USER_SCRIPT_SANDBOXING = YES;
				GCC_C_LANGUAGE_STANDARD = gnu17;
				GCC_DYNAMIC_NO_PIC = NO;
				GCC_NO_COMMON_BLOCKS = YES;
				GCC_OPTIMIZATION_LEVEL = 0;
				GCC_PREPROCESSOR_DEFINITIONS = (
					"DEBUG=1",
					"$(inherited)",
				);
				GCC_WARN_64_TO_32_BIT_CONVERSION = YES;
				GCC_WARN_ABOUT_RETURN_TYPE = YES_ERROR;
				GCC_WARN_UNDECLARED_SELECTOR = YES;
				GCC_WARN_UNINITIALIZED_AUTOS = YES_AGGRESSIVE;
				GCC_WARN_UNUSED_FUNCTION = YES;
				GCC_WARN_UNUSED_VARIABLE = YES;
				IPHONEOS_DEPLOYMENT_TARGET = 18.0;
				LOCALIZATION_PREFERS_STRING_CATALOGS = YES;
				MTL_ENABLE_DEBUG_INFO = INCLUDE_SOURCE;
				MTL_FAST_MATH = YES;
				ONLY_ACTIVE_ARCH = YES;
				SDKROOT = iphoneos;
				SWIFT_ACTIVE_COMPILATION_CONDITIONS = "DEBUG $(inherited)";
				SWIFT_OPTIMIZATION_LEVEL = "-Onone";
			};
			name = Debug;
		};
		84C58B6C2C8329BE0047B84E /* Release */ = {
			isa = XCBuildConfiguration;
			buildSettings = {
				ALWAYS_SEARCH_USER_PATHS = NO;
				ASSETCATALOG_COMPILER_GENERATE_SWIFT_ASSET_SYMBOL_EXTENSIONS = YES;
				CLANG_ANALYZER_NONNULL = YES;
				CLANG_ANALYZER_NUMBER_OBJECT_CONVERSION = YES_AGGRESSIVE;
				CLANG_CXX_LANGUAGE_STANDARD = "gnu++20";
				CLANG_ENABLE_MODULES = YES;
				CLANG_ENABLE_OBJC_ARC = YES;
				CLANG_ENABLE_OBJC_WEAK = YES;
				CLANG_WARN_BLOCK_CAPTURE_AUTORELEASING = YES;
				CLANG_WARN_BOOL_CONVERSION = YES;
				CLANG_WARN_COMMA = YES;
				CLANG_WARN_CONSTANT_CONVERSION = YES;
				CLANG_WARN_DEPRECATED_OBJC_IMPLEMENTATIONS = YES;
				CLANG_WARN_DIRECT_OBJC_ISA_USAGE = YES_ERROR;
				CLANG_WARN_DOCUMENTATION_COMMENTS = YES;
				CLANG_WARN_EMPTY_BODY = YES;
				CLANG_WARN_ENUM_CONVERSION = YES;
				CLANG_WARN_INFINITE_RECURSION = YES;
				CLANG_WARN_INT_CONVERSION = YES;
				CLANG_WARN_NON_LITERAL_NULL_CONVERSION = YES;
				CLANG_WARN_OBJC_IMPLICIT_RETAIN_SELF = YES;
				CLANG_WARN_OBJC_LITERAL_CONVERSION = YES;
				CLANG_WARN_OBJC_ROOT_CLASS = YES_ERROR;
				CLANG_WARN_QUOTED_INCLUDE_IN_FRAMEWORK_HEADER = YES;
				CLANG_WARN_RANGE_LOOP_ANALYSIS = YES;
				CLANG_WARN_STRICT_PROTOTYPES = YES;
				CLANG_WARN_SUSPICIOUS_MOVE = YES;
				CLANG_WARN_UNGUARDED_AVAILABILITY = YES_AGGRESSIVE;
				CLANG_WARN_UNREACHABLE_CODE = YES;
				CLANG_WARN__DUPLICATE_METHOD_MATCH = YES;
				COPY_PHASE_STRIP = NO;
				DEBUG_INFORMATION_FORMAT = "dwarf-with-dsym";
				ENABLE_NS_ASSERTIONS = NO;
				ENABLE_STRICT_OBJC_MSGSEND = YES;
				ENABLE_USER_SCRIPT_SANDBOXING = YES;
				GCC_C_LANGUAGE_STANDARD = gnu17;
				GCC_NO_COMMON_BLOCKS = YES;
				GCC_WARN_64_TO_32_BIT_CONVERSION = YES;
				GCC_WARN_ABOUT_RETURN_TYPE = YES_ERROR;
				GCC_WARN_UNDECLARED_SELECTOR = YES;
				GCC_WARN_UNINITIALIZED_AUTOS = YES_AGGRESSIVE;
				GCC_WARN_UNUSED_FUNCTION = YES;
				GCC_WARN_UNUSED_VARIABLE = YES;
				IPHONEOS_DEPLOYMENT_TARGET = 18.0;
				LOCALIZATION_PREFERS_STRING_CATALOGS = YES;
				MTL_ENABLE_DEBUG_INFO = NO;
				MTL_FAST_MATH = YES;
				SDKROOT = iphoneos;
				SWIFT_COMPILATION_MODE = wholemodule;
				VALIDATE_PRODUCT = YES;
			};
			name = Release;
		};
		84C58B6E2C8329BE0047B84E /* Debug */ = {
			isa = XCBuildConfiguration;
			buildSettings = {
				ASSETCATALOG_COMPILER_APPICON_NAME = AppIcon;
				ASSETCATALOG_COMPILER_GLOBAL_ACCENT_COLOR_NAME = AccentColor;
				CODE_SIGN_STYLE = Automatic;
				CURRENT_PROJECT_VERSION = 1;
				DEVELOPMENT_TEAM = AR2X4J6P98;
				GENERATE_INFOPLIST_FILE = YES;
				INFOPLIST_FILE = GitHubFollowers/Support/Info.plist;
				INFOPLIST_KEY_UIApplicationSupportsIndirectInputEvents = YES;
				INFOPLIST_KEY_UILaunchStoryboardName = LaunchScreen;
				INFOPLIST_KEY_UIMainStoryboardFile = "";
				INFOPLIST_KEY_UISupportedInterfaceOrientations = UIInterfaceOrientationPortrait;
				INFOPLIST_KEY_UISupportedInterfaceOrientations_iPad = "UIInterfaceOrientationLandscapeLeft UIInterfaceOrientationLandscapeRight UIInterfaceOrientationPortrait UIInterfaceOrientationPortraitUpsideDown";
				IPHONEOS_DEPLOYMENT_TARGET = 17.0;
				LD_RUNPATH_SEARCH_PATHS = (
					"$(inherited)",
					"@executable_path/Frameworks",
				);
				MARKETING_VERSION = 1.0;
				PRODUCT_BUNDLE_IDENTIFIER = miktaba.GitHubFollowers;
				PRODUCT_NAME = "$(TARGET_NAME)";
				SUPPORTED_PLATFORMS = "iphoneos iphonesimulator";
				SUPPORTS_MACCATALYST = NO;
				SUPPORTS_MAC_DESIGNED_FOR_IPHONE_IPAD = NO;
				SUPPORTS_XR_DESIGNED_FOR_IPHONE_IPAD = NO;
				SWIFT_EMIT_LOC_STRINGS = YES;
				SWIFT_VERSION = 5.0;
				TARGETED_DEVICE_FAMILY = 1;
			};
			name = Debug;
		};
		84C58B6F2C8329BE0047B84E /* Release */ = {
			isa = XCBuildConfiguration;
			buildSettings = {
				ASSETCATALOG_COMPILER_APPICON_NAME = AppIcon;
				ASSETCATALOG_COMPILER_GLOBAL_ACCENT_COLOR_NAME = AccentColor;
				CODE_SIGN_STYLE = Automatic;
				CURRENT_PROJECT_VERSION = 1;
				DEVELOPMENT_TEAM = AR2X4J6P98;
				GENERATE_INFOPLIST_FILE = YES;
				INFOPLIST_FILE = GitHubFollowers/Support/Info.plist;
				INFOPLIST_KEY_UIApplicationSupportsIndirectInputEvents = YES;
				INFOPLIST_KEY_UILaunchStoryboardName = LaunchScreen;
				INFOPLIST_KEY_UIMainStoryboardFile = "";
				INFOPLIST_KEY_UISupportedInterfaceOrientations = UIInterfaceOrientationPortrait;
				INFOPLIST_KEY_UISupportedInterfaceOrientations_iPad = "UIInterfaceOrientationLandscapeLeft UIInterfaceOrientationLandscapeRight UIInterfaceOrientationPortrait UIInterfaceOrientationPortraitUpsideDown";
				IPHONEOS_DEPLOYMENT_TARGET = 17.0;
				LD_RUNPATH_SEARCH_PATHS = (
					"$(inherited)",
					"@executable_path/Frameworks",
				);
				MARKETING_VERSION = 1.0;
				PRODUCT_BUNDLE_IDENTIFIER = miktaba.GitHubFollowers;
				PRODUCT_NAME = "$(TARGET_NAME)";
				SUPPORTED_PLATFORMS = "iphoneos iphonesimulator";
				SUPPORTS_MACCATALYST = NO;
				SUPPORTS_MAC_DESIGNED_FOR_IPHONE_IPAD = NO;
				SUPPORTS_XR_DESIGNED_FOR_IPHONE_IPAD = NO;
				SWIFT_EMIT_LOC_STRINGS = YES;
				SWIFT_VERSION = 5.0;
				TARGETED_DEVICE_FAMILY = 1;
			};
			name = Release;
		};
/* End XCBuildConfiguration section */

/* Begin XCConfigurationList section */
		84C58B542C8329BD0047B84E /* Build configuration list for PBXProject "GitHubFollowers" */ = {
			isa = XCConfigurationList;
			buildConfigurations = (
				84C58B6B2C8329BE0047B84E /* Debug */,
				84C58B6C2C8329BE0047B84E /* Release */,
			);
			defaultConfigurationIsVisible = 0;
			defaultConfigurationName = Release;
		};
		84C58B6D2C8329BE0047B84E /* Build configuration list for PBXNativeTarget "GitHubFollowers" */ = {
			isa = XCConfigurationList;
			buildConfigurations = (
				84C58B6E2C8329BE0047B84E /* Debug */,
				84C58B6F2C8329BE0047B84E /* Release */,
			);
			defaultConfigurationIsVisible = 0;
			defaultConfigurationName = Release;
		};
/* End XCConfigurationList section */
	};
	rootObject = 84C58B512C8329BD0047B84E /* Project object */;
}
